
Microsoft Visual Studio Solution File, Format Version 12.00
# Visual Studio Version 17
VisualStudioVersion = 17.7.34031.279
MinimumVisualStudioVersion = 10.0.40219.1
Project("{FAE04EC0-301F-11D3-BF4B-00C04F79EFBC}") = "Telefon Rehberi", "Telefon Rehberi\Telefon Rehberi.csproj", "{897D4019-9826-496B-8931-BC0B54A8838E}"
EndProject
Global
	GlobalSection(SolutionConfigurationPlatforms) = preSolution
		Debug|Any CPU = Debug|Any CPU
		Release|Any CPU = Release|Any CPU
	EndGlobalSection
	GlobalSection(ProjectConfigurationPlatforms) = postSolution
		{897D4019-9826-496B-8931-BC0B54A8838E}.Debug|Any CPU.ActiveCfg = Debug|Any CPU
		{897D4019-9826-496B-8931-BC0B54A8838E}.Debug|Any CPU.Build.0 = Debug|Any CPU
		{897D4019-9826-496B-8931-BC0B54A8838E}.Release|Any CPU.ActiveCfg = Release|Any CPU
		{897D4019-9826-496B-8931-BC0B54A8838E}.Release|Any CPU.Build.0 = Release|Any CPU
	EndGlobalSection
	GlobalSection(SolutionProperties) = preSolution
		HideSolutionNode = FALSE
	EndGlobalSection
	GlobalSection(ExtensibilityGlobals) = postSolution
		SolutionGuid = {337FE412-E5F0-45F2-BEF6-B0645D3CD640}
	EndGlobalSection
EndGlobal
